
Microsoft Visual Studio Solution File, Format Version 12.00
# Visual Studio Version 17
VisualStudioVersion = 17.6.33513.286
MinimumVisualStudioVersion = 10.0.40219.1
Project("{FAE04EC0-301F-11D3-BF4B-00C04F79EFBC}") = "MQTTClient", "MQTTClient\MQTTClient.csproj", "{55C2849F-92DF-4C7E-AD24-E844564696CB}"
EndProject
Global
	GlobalSection(SolutionConfigurationPlatforms) = preSolution
		Debug|Any CPU = Debug|Any CPU
		Release|Any CPU = Release|Any CPU
	EndGlobalSection
	GlobalSection(ProjectConfigurationPlatforms) = postSolution
		{55C2849F-92DF-4C7E-AD24-E844564696CB}.Debug|Any CPU.ActiveCfg = Debug|Any CPU
		{55C2849F-92DF-4C7E-AD24-E844564696CB}.Debug|Any CPU.Build.0 = Debug|Any CPU
		{55C2849F-92DF-4C7E-AD24-E844564696CB}.Release|Any CPU.ActiveCfg = Release|Any CPU
		{55C2849F-92DF-4C7E-AD24-E844564696CB}.Release|Any CPU.Build.0 = Release|Any CPU
	EndGlobalSection
	GlobalSection(SolutionProperties) = preSolution
		HideSolutionNode = FALSE
	EndGlobalSection
	GlobalSection(ExtensibilityGlobals) = postSolution
		SolutionGuid = {7FD1DA1C-1581-4ADC-B831-89321D8EB0F3}
	EndGlobalSection
EndGlobal
